
Microsoft Visual Studio Solution File, Format Version 12.00
# Visual Studio Version 17
VisualStudioVersion = 17.0.31710.8
MinimumVisualStudioVersion = 10.0.40219.1
Project("{2150E333-8FDC-42A3-9474-1A3956D46DE8}") = "src", "src", "{4444D9C3-9A1F-468C-AD57-7BA51121C11E}"
EndProject
Project("{2150E333-8FDC-42A3-9474-1A3956D46DE8}") = "tests", "tests", "{057F412E-B1B4-44A5-AB06-AB5D190C22E6}"
EndProject
Project("{E53339B2-1760-4266-BCC7-CA923CBCF16C}") = "docker-compose", "docker-compose.dcproj", "{6FA7585B-0643-478E-87F9-019704D4CD56}"
EndProject
Project("{2150E333-8FDC-42A3-9474-1A3956D46DE8}") = "Solution Items", "Solution Items", "{1ACC133E-032F-4D98-B4B1-E336DF147661}"
	ProjectSection(SolutionItems) = preProject
		.editorconfig = .editorconfig
	EndProjectSection
EndProject
Project("{9A19103F-16F7-4668-BE54-9A1E7A4F7556}") = "UrlShortner.Api.Tests", "tests\Test.URLShortner.API\UrlShortner.Api.Tests.csproj", "{B7CCC6EF-46FA-492D-A9B6-573E60AA70E0}"
EndProject
Project("{2150E333-8FDC-42A3-9474-1A3956D46DE8}") = "services", "services", "{73DECD1B-4957-4E96-9169-47CE66BB1878}"
EndProject
Project("{2150E333-8FDC-42A3-9474-1A3956D46DE8}") = "Shortner", "Shortner", "{53BF517D-34B5-444C-BB5F-D5A359841746}"
EndProject
Project("{2150E333-8FDC-42A3-9474-1A3956D46DE8}") = "RedirectLog", "RedirectLog", "{233A4849-D0A2-4B40-AF45-290532622CAF}"
EndProject
Project("{9A19103F-16F7-4668-BE54-9A1E7A4F7556}") = "RedirectLog.API", "src\services\RedirectLog\RedirectLog.API\RedirectLog.API.csproj", "{B0D3275C-4B97-4DDA-AB4D-847BB686B8DB}"
EndProject
Project("{9A19103F-16F7-4668-BE54-9A1E7A4F7556}") = "Shortner.API", "src\services\Shortner\Shortner.API\Shortner.API.csproj", "{B6DB57AD-C87D-4390-81D7-411A39B5BBDD}"
EndProject
Project("{9A19103F-16F7-4668-BE54-9A1E7A4F7556}") = "RedirectLog.Domain", "src\services\RedirectLog\RedirectLog.Domain\RedirectLog.Domain.csproj", "{05B59AC2-8699-4455-B0EA-178FF7B62DB6}"
EndProject
Project("{9A19103F-16F7-4668-BE54-9A1E7A4F7556}") = "RedirectLog.Application", "src\services\RedirectLog\RedirectLog.Application\RedirectLog.Application.csproj", "{D1D16454-DA01-4D89-A03B-DD4577A8D35E}"
EndProject
Project("{9A19103F-16F7-4668-BE54-9A1E7A4F7556}") = "RedirectLog.Infrastructure", "src\services\RedirectLog\RedirectLog.Infrastructure\RedirectLog.Infrastructure.csproj", "{49FB90FB-65CE-4CEF-92F1-7B1D5BFCF350}"
EndProject
Project("{9A19103F-16F7-4668-BE54-9A1E7A4F7556}") = "URLShortner.Common", "src\URLShortner.Common\URLShortner.Common.csproj", "{BF27CD26-E08A-47F7-8230-F5562AB2B583}"
EndProject
Project("{9A19103F-16F7-4668-BE54-9A1E7A4F7556}") = "Shortner.Domain", "src\services\Shortner\Shortner.Domain\Shortner.Domain.csproj", "{2133EBD3-7664-44D8-A36F-633D95E3DB74}"
EndProject
Project("{9A19103F-16F7-4668-BE54-9A1E7A4F7556}") = "Shortner.Application", "src\services\Shortner\Shortner.Application\Shortner.Application.csproj", "{8916A3C9-2125-4924-B399-4F808365298B}"
EndProject
Project("{9A19103F-16F7-4668-BE54-9A1E7A4F7556}") = "Shortner.Infrastructure", "src\services\Shortner\Shortner.Infrastructure\Shortner.Infrastructure.csproj", "{E5AE0548-91E8-47AA-B2C6-38DD3365664C}"
EndProject
Project("{9A19103F-16F7-4668-BE54-9A1E7A4F7556}") = "Web.Gateway", "src\Web.Gateway\Web.Gateway.csproj", "{C33D1926-2D66-4579-98E1-0E610E71D4B6}"
EndProject
Project("{9A19103F-16F7-4668-BE54-9A1E7A4F7556}") = "URLShortner.Common.Infrastructure", "src\URLShortner.Common.Infrastructure\URLShortner.Common.Infrastructure.csproj", "{D4F1D8CB-9B8F-4150-A20D-F609D85C4948}"
EndProject
Global
	GlobalSection(SolutionConfigurationPlatforms) = preSolution
		Debug|Any CPU = Debug|Any CPU
		Release|Any CPU = Release|Any CPU
	EndGlobalSection
	GlobalSection(ProjectConfigurationPlatforms) = postSolution
		{6FA7585B-0643-478E-87F9-019704D4CD56}.Debug|Any CPU.ActiveCfg = Debug|Any CPU
		{6FA7585B-0643-478E-87F9-019704D4CD56}.Debug|Any CPU.Build.0 = Debug|Any CPU
		{6FA7585B-0643-478E-87F9-019704D4CD56}.Release|Any CPU.ActiveCfg = Release|Any CPU
		{6FA7585B-0643-478E-87F9-019704D4CD56}.Release|Any CPU.Build.0 = Release|Any CPU
		{B7CCC6EF-46FA-492D-A9B6-573E60AA70E0}.Debug|Any CPU.ActiveCfg = Debug|Any CPU
		{B7CCC6EF-46FA-492D-A9B6-573E60AA70E0}.Debug|Any CPU.Build.0 = Debug|Any CPU
		{B7CCC6EF-46FA-492D-A9B6-573E60AA70E0}.Release|Any CPU.ActiveCfg = Release|Any CPU
		{B7CCC6EF-46FA-492D-A9B6-573E60AA70E0}.Release|Any CPU.Build.0 = Release|Any CPU
		{B0D3275C-4B97-4DDA-AB4D-847BB686B8DB}.Debug|Any CPU.ActiveCfg = Debug|Any CPU
		{B0D3275C-4B97-4DDA-AB4D-847BB686B8DB}.Debug|Any CPU.Build.0 = Debug|Any CPU
		{B0D3275C-4B97-4DDA-AB4D-847BB686B8DB}.Release|Any CPU.ActiveCfg = Release|Any CPU
		{B0D3275C-4B97-4DDA-AB4D-847BB686B8DB}.Release|Any CPU.Build.0 = Release|Any CPU
		{B6DB57AD-C87D-4390-81D7-411A39B5BBDD}.Debug|Any CPU.ActiveCfg = Debug|Any CPU
		{B6DB57AD-C87D-4390-81D7-411A39B5BBDD}.Debug|Any CPU.Build.0 = Debug|Any CPU
		{B6DB57AD-C87D-4390-81D7-411A39B5BBDD}.Release|Any CPU.ActiveCfg = Release|Any CPU
		{B6DB57AD-C87D-4390-81D7-411A39B5BBDD}.Release|Any CPU.Build.0 = Release|Any CPU
		{05B59AC2-8699-4455-B0EA-178FF7B62DB6}.Debug|Any CPU.ActiveCfg = Debug|Any CPU
		{05B59AC2-8699-4455-B0EA-178FF7B62DB6}.Debug|Any CPU.Build.0 = Debug|Any CPU
		{05B59AC2-8699-4455-B0EA-178FF7B62DB6}.Release|Any CPU.ActiveCfg = Release|Any CPU
		{05B59AC2-8699-4455-B0EA-178FF7B62DB6}.Release|Any CPU.Build.0 = Release|Any CPU
		{D1D16454-DA01-4D89-A03B-DD4577A8D35E}.Debug|Any CPU.ActiveCfg = Debug|Any CPU
		{D1D16454-DA01-4D89-A03B-DD4577A8D35E}.Debug|Any CPU.Build.0 = Debug|Any CPU
		{D1D16454-DA01-4D89-A03B-DD4577A8D35E}.Release|Any CPU.ActiveCfg = Release|Any CPU
		{D1D16454-DA01-4D89-A03B-DD4577A8D35E}.Release|Any CPU.Build.0 = Release|Any CPU
		{49FB90FB-65CE-4CEF-92F1-7B1D5BFCF350}.Debug|Any CPU.ActiveCfg = Debug|Any CPU
		{49FB90FB-65CE-4CEF-92F1-7B1D5BFCF350}.Debug|Any CPU.Build.0 = Debug|Any CPU
		{49FB90FB-65CE-4CEF-92F1-7B1D5BFCF350}.Release|Any CPU.ActiveCfg = Release|Any CPU
		{49FB90FB-65CE-4CEF-92F1-7B1D5BFCF350}.Release|Any CPU.Build.0 = Release|Any CPU
		{BF27CD26-E08A-47F7-8230-F5562AB2B583}.Debug|Any CPU.ActiveCfg = Debug|Any CPU
		{BF27CD26-E08A-47F7-8230-F5562AB2B583}.Debug|Any CPU.Build.0 = Debug|Any CPU
		{BF27CD26-E08A-47F7-8230-F5562AB2B583}.Release|Any CPU.ActiveCfg = Release|Any CPU
		{BF27CD26-E08A-47F7-8230-F5562AB2B583}.Release|Any CPU.Build.0 = Release|Any CPU
		{2133EBD3-7664-44D8-A36F-633D95E3DB74}.Debug|Any CPU.ActiveCfg = Debug|Any CPU
		{2133EBD3-7664-44D8-A36F-633D95E3DB74}.Debug|Any CPU.Build.0 = Debug|Any CPU
		{2133EBD3-7664-44D8-A36F-633D95E3DB74}.Release|Any CPU.ActiveCfg = Release|Any CPU
		{2133EBD3-7664-44D8-A36F-633D95E3DB74}.Release|Any CPU.Build.0 = Release|Any CPU
		{8916A3C9-2125-4924-B399-4F808365298B}.Debug|Any CPU.ActiveCfg = Debug|Any CPU
		{8916A3C9-2125-4924-B399-4F808365298B}.Debug|Any CPU.Build.0 = Debug|Any CPU
		{8916A3C9-2125-4924-B399-4F808365298B}.Release|Any CPU.ActiveCfg = Release|Any CPU
		{8916A3C9-2125-4924-B399-4F808365298B}.Release|Any CPU.Build.0 = Release|Any CPU
		{E5AE0548-91E8-47AA-B2C6-38DD3365664C}.Debug|Any CPU.ActiveCfg = Debug|Any CPU
		{E5AE0548-91E8-47AA-B2C6-38DD3365664C}.Debug|Any CPU.Build.0 = Debug|Any CPU
		{E5AE0548-91E8-47AA-B2C6-38DD3365664C}.Release|Any CPU.ActiveCfg = Release|Any CPU
		{E5AE0548-91E8-47AA-B2C6-38DD3365664C}.Release|Any CPU.Build.0 = Release|Any CPU
		{C33D1926-2D66-4579-98E1-0E610E71D4B6}.Debug|Any CPU.ActiveCfg = Debug|Any CPU
		{C33D1926-2D66-4579-98E1-0E610E71D4B6}.Debug|Any CPU.Build.0 = Debug|Any CPU
		{C33D1926-2D66-4579-98E1-0E610E71D4B6}.Release|Any CPU.ActiveCfg = Release|Any CPU
		{C33D1926-2D66-4579-98E1-0E610E71D4B6}.Release|Any CPU.Build.0 = Release|Any CPU
		{D4F1D8CB-9B8F-4150-A20D-F609D85C4948}.Debug|Any CPU.ActiveCfg = Debug|Any CPU
		{D4F1D8CB-9B8F-4150-A20D-F609D85C4948}.Debug|Any CPU.Build.0 = Debug|Any CPU
		{D4F1D8CB-9B8F-4150-A20D-F609D85C4948}.Release|Any CPU.ActiveCfg = Release|Any CPU
		{D4F1D8CB-9B8F-4150-A20D-F609D85C4948}.Release|Any CPU.Build.0 = Release|Any CPU
	EndGlobalSection
	GlobalSection(SolutionProperties) = preSolution
		HideSolutionNode = FALSE
	EndGlobalSection
	GlobalSection(NestedProjects) = preSolution
		{B7CCC6EF-46FA-492D-A9B6-573E60AA70E0} = {057F412E-B1B4-44A5-AB06-AB5D190C22E6}
		{73DECD1B-4957-4E96-9169-47CE66BB1878} = {4444D9C3-9A1F-468C-AD57-7BA51121C11E}
		{53BF517D-34B5-444C-BB5F-D5A359841746} = {73DECD1B-4957-4E96-9169-47CE66BB1878}
		{233A4849-D0A2-4B40-AF45-290532622CAF} = {73DECD1B-4957-4E96-9169-47CE66BB1878}
		{B0D3275C-4B97-4DDA-AB4D-847BB686B8DB} = {233A4849-D0A2-4B40-AF45-290532622CAF}
		{B6DB57AD-C87D-4390-81D7-411A39B5BBDD} = {53BF517D-34B5-444C-BB5F-D5A359841746}
		{05B59AC2-8699-4455-B0EA-178FF7B62DB6} = {233A4849-D0A2-4B40-AF45-290532622CAF}
		{D1D16454-DA01-4D89-A03B-DD4577A8D35E} = {233A4849-D0A2-4B40-AF45-290532622CAF}
		{49FB90FB-65CE-4CEF-92F1-7B1D5BFCF350} = {233A4849-D0A2-4B40-AF45-290532622CAF}
		{BF27CD26-E08A-47F7-8230-F5562AB2B583} = {4444D9C3-9A1F-468C-AD57-7BA51121C11E}
		{2133EBD3-7664-44D8-A36F-633D95E3DB74} = {53BF517D-34B5-444C-BB5F-D5A359841746}
		{8916A3C9-2125-4924-B399-4F808365298B} = {53BF517D-34B5-444C-BB5F-D5A359841746}
		{E5AE0548-91E8-47AA-B2C6-38DD3365664C} = {53BF517D-34B5-444C-BB5F-D5A359841746}
		{C33D1926-2D66-4579-98E1-0E610E71D4B6} = {4444D9C3-9A1F-468C-AD57-7BA51121C11E}
		{D4F1D8CB-9B8F-4150-A20D-F609D85C4948} = {4444D9C3-9A1F-468C-AD57-7BA51121C11E}
	EndGlobalSection
	GlobalSection(ExtensibilityGlobals) = postSolution
		SolutionGuid = {BA3DB800-88F8-4DA4-AA32-8F063E16C86B}
	EndGlobalSection
EndGlobal
